
Microsoft Visual Studio Solution File, Format Version 12.00
# Visual Studio Version 17
VisualStudioVersion = 17.13.35913.81 d17.13
MinimumVisualStudioVersion = 10.0.40219.1
Project("{FAE04EC0-301F-11D3-BF4B-00C04F79EFBC}") = "BankAccountsApp", "BankAccountsApp\BankAccountsApp.csproj", "{9748A2BE-E5A5-4B52-8C88-5C0390A3E21C}"
EndProject
Global
	GlobalSection(SolutionConfigurationPlatforms) = preSolution
		Debug|Any CPU = Debug|Any CPU
		Release|Any CPU = Release|Any CPU
	EndGlobalSection
	GlobalSection(ProjectConfigurationPlatforms) = postSolution
		{9748A2BE-E5A5-4B52-8C88-5C0390A3E21C}.Debug|Any CPU.ActiveCfg = Debug|Any CPU
		{9748A2BE-E5A5-4B52-8C88-5C0390A3E21C}.Debug|Any CPU.Build.0 = Debug|Any CPU
		{9748A2BE-E5A5-4B52-8C88-5C0390A3E21C}.Release|Any CPU.ActiveCfg = Release|Any CPU
		{9748A2BE-E5A5-4B52-8C88-5C0390A3E21C}.Release|Any CPU.Build.0 = Release|Any CPU
	EndGlobalSection
	GlobalSection(SolutionProperties) = preSolution
		HideSolutionNode = FALSE
	EndGlobalSection
	GlobalSection(ExtensibilityGlobals) = postSolution
		SolutionGuid = {0B0820F9-24DD-429C-A46F-E49AE9F26F42}
	EndGlobalSection
EndGlobal
